# THIS IS AN AUTOGENERATED FILE. DO NOT EDIT THIS FILE DIRECTLY.
assets/app.js:
  development: 2017-09-24T17:37:38-04:00   42b9b2ec77e40c6cc4502bea4278a118
assets/arrow-down.svg.liquid:
  development: 2017-09-21T16:38:27-04:00   3d86e10debe8b76a0ed23e8efdf2eaa3
assets/cart.svg.liquid:
  development: 2017-09-21T16:38:06-04:00   debed3e55e808dd299c78e2ba6f2f4f8
assets/shop.js.liquid:
  development: 2017-09-21T16:38:39-04:00   89da6f1e6c5b3e9dc93f9791fc7128f7
assets/shopify_common.js:
  development: 2017-09-21T16:38:14-04:00   bf001459d7d6c7c05491db53511b03b1
assets/style.scss.liquid:
  development: 2017-09-21T16:40:01-04:00   1048021c58606b1b2372eba206e6d802
config/settings_data.json:
  development: 2017-09-21T16:38:49-04:00   19a67c757b63b8393b19d6c5bf03c68e
config/settings_schema.json:
  development: 2017-09-21T16:37:40-04:00   58e0494c51d30eb3494f7c9198986bb9
layout/checkout.liquid:
  development: 2017-09-21T16:38:18-04:00   071188fe428428e3674cd6b019b472eb
layout/theme.liquid:
  development: 2017-09-21T16:47:45-04:00   3f6def0592492361b205bde452ddbde4
snippets/article-grid-item.liquid:
  development: 2017-09-21T16:37:46-04:00   99d1be50ecf02508409614035c060e18
snippets/collection-grid-item.liquid:
  development: 2017-09-21T16:38:23-04:00   9bc03ebadf875091d5e2eca67c30c490
snippets/collection-listing.liquid:
  development: 2017-09-21T16:38:24-04:00   0204a384895375337c0907e7a82d7ffb
snippets/footer.liquid:
  development: 2017-09-21T16:38:28-04:00   bf345b6340d29f46897289c26fc72a08
snippets/head.liquid:
  development: 2017-09-21T16:38:09-04:00   36f2b7c51499a2129a30808b22c88ef1
snippets/header.liquid:
  development: 2017-09-21T16:37:46-04:00   462d4ef5cbd1b690f1ba3c466c510b6a
snippets/navigation.liquid:
  development: 2017-09-21T16:37:39-04:00   b60350b0bbe24d6f118ab67053256f42
snippets/open-graph-tags.liquid:
  development: 2017-09-21T16:38:11-04:00   7abc94cf8c4217a30a5dcd98650eba4d
snippets/product-grid-item.liquid:
  development: 2017-09-21T16:38:29-04:00   c8bd54e6ff46beaa881901895486e544
snippets/twitter-card.liquid:
  development: 2017-09-21T16:38:05-04:00   d890500f75624d5697d7181e7b187985
templates/404.liquid:
  development: 2017-09-21T16:37:47-04:00   de04993ae60d37690c46a9e8ff23dadb
templates/article.liquid:
  development: 2017-09-21T16:38:11-04:00   2be671ef0dcc91dd813bc670e26c7dc5
templates/blog.grid.liquid:
  development: 2017-09-21T16:38:01-04:00   86be3e0e650207dd0893ab14ae349a6e
templates/blog.liquid:
  development: 2017-09-21T16:37:55-04:00   f0850fcfcc3fba6a8cba088cdb03276c
templates/cart.liquid:
  development: 2017-09-21T16:37:42-04:00   a3ff2eba0af9de465127533eddc18b6a
templates/collection.liquid:
  development: 2017-09-21T16:38:42-04:00   86c963fd7c33a6b6ce90c87a1c6aed4d
templates/customers/account.liquid:
  development: 2017-09-21T16:37:58-04:00   4f0f34a52edbbbc8565e4496b39541b9
templates/customers/activate_account.liquid:
  development: 2017-09-21T16:38:48-04:00   ba28a84b72e03f822789df02a162db50
templates/customers/addresses.liquid:
  development: 2017-09-21T16:37:45-04:00   bede9fadf4303565edd59782caf0b126
templates/customers/login.liquid:
  development: 2017-09-21T16:38:12-04:00   0f67bd190841f6ed7a5a937bf6cbe9de
templates/customers/order.liquid:
  development: 2017-09-21T16:38:45-04:00   5d1709602f019091f8d94aa9703e22f0
templates/customers/register.liquid:
  development: 2017-09-21T16:37:49-04:00   7f390da749a9d8fa2e17c15765394566
templates/customers/reset_password.liquid:
  development: 2017-09-21T16:38:03-04:00   ec4285a149833943a39d26e6d2bbf81d
templates/gift_card.liquid:
  development: 2017-09-21T16:38:37-04:00   c1ae0f8232e003fac57213d1353e513c
templates/index.liquid:
  development: 2017-09-21T16:37:44-04:00   8175d5f7cf3da217b92ef8877b6ab71f
templates/list-collections.liquid:
  development: 2017-09-21T16:37:43-04:00   5a3f08fdc8ff3bafcb5d22ff677eb3f5
templates/page.liquid:
  development: 2017-09-21T16:37:56-04:00   8721300efb66082cb987e96204aada1b
templates/product.liquid:
  development: 2017-09-22T10:35:30-04:00   a869165a48386d544524e43703385d58
templates/search.liquid:
  development: 2017-09-21T16:38:14-04:00   16f391a2e74801cd48151f4fae01a6b2
